
Microsoft Visual Studio Solution File, Format Version 12.00
# Visual Studio Version 16
VisualStudioVersion = 16.0.31112.23
MinimumVisualStudioVersion = 10.0.40219.1
Project("{FAE04EC0-301F-11D3-BF4B-00C04F79EFBC}") = "Composer", "Composer\Composer.csproj", "{7EF393BF-E2F0-452B-8AC5-FD8197BCA5EB}"
EndProject
Project("{FAE04EC0-301F-11D3-BF4B-00C04F79EFBC}") = "BackOffice", "BackOffice\BackOffice.csproj", "{D3F57972-01CC-4115-A181-551D89553BBB}"
EndProject
Global
	GlobalSection(SolutionConfigurationPlatforms) = preSolution
		Debug|Any CPU = Debug|Any CPU
		Release|Any CPU = Release|Any CPU
	EndGlobalSection
	GlobalSection(ProjectConfigurationPlatforms) = postSolution
		{7EF393BF-E2F0-452B-8AC5-FD8197BCA5EB}.Debug|Any CPU.ActiveCfg = Debug|Any CPU
		{7EF393BF-E2F0-452B-8AC5-FD8197BCA5EB}.Debug|Any CPU.Build.0 = Debug|Any CPU
		{7EF393BF-E2F0-452B-8AC5-FD8197BCA5EB}.Release|Any CPU.ActiveCfg = Release|Any CPU
		{7EF393BF-E2F0-452B-8AC5-FD8197BCA5EB}.Release|Any CPU.Build.0 = Release|Any CPU
		{D3F57972-01CC-4115-A181-551D89553BBB}.Debug|Any CPU.ActiveCfg = Debug|Any CPU
		{D3F57972-01CC-4115-A181-551D89553BBB}.Debug|Any CPU.Build.0 = Debug|Any CPU
		{D3F57972-01CC-4115-A181-551D89553BBB}.Release|Any CPU.ActiveCfg = Release|Any CPU
		{D3F57972-01CC-4115-A181-551D89553BBB}.Release|Any CPU.Build.0 = Release|Any CPU
	EndGlobalSection
	GlobalSection(SolutionProperties) = preSolution
		HideSolutionNode = FALSE
	EndGlobalSection
	GlobalSection(ExtensibilityGlobals) = postSolution
		SolutionGuid = {2F35E882-19D2-41B4-9CDD-6154BEE02E66}
	EndGlobalSection
EndGlobal
